// !$*UTF8*$!
{
	archiveVersion = 1;
	classes = {
	};
	objectVersion = 50;
	objects = {

/* Begin PBXBuildFile section */
		5CD8072B225F68BF00926CF0 /* AppDelegate.swift in Sources */ = {isa = PBXBuildFile; fileRef = 5CD8072A225F68BF00926CF0 /* AppDelegate.swift */; };
		5CD8072D225F68BF00926CF0 /* ViewController.swift in Sources */ = {isa = PBXBuildFile; fileRef = 5CD8072C225F68BF00926CF0 /* ViewController.swift */; };
		5CD8072F225F68C100926CF0 /* Assets.xcassets in Resources */ = {isa = PBXBuildFile; fileRef = 5CD8072E225F68C100926CF0 /* Assets.xcassets */; };
		5CD80732225F68C100926CF0 /* Main.storyboard in Resources */ = {isa = PBXBuildFile; fileRef = 5CD80730225F68C100926CF0 /* Main.storyboard */; };
		5CD8073E225F6E0900926CF0 /* Connection.swift in Sources */ = {isa = PBXBuildFile; fileRef = 5CD8073D225F6E0900926CF0 /* Connection.swift */; };
		5CD80741225F6F8500926CF0 /* NSErrorExtension.swift in Sources */ = {isa = PBXBuildFile; fileRef = 5CD80740225F6F8500926CF0 /* NSErrorExtension.swift */; };
		5CD80744225F729F00926CF0 /* AppConfig.swift in Sources */ = {isa = PBXBuildFile; fileRef = 5CD80743225F729F00926CF0 /* AppConfig.swift */; };
		5CD80747225F734900926CF0 /* Response.swift in Sources */ = {isa = PBXBuildFile; fileRef = 5CD80746225F734900926CF0 /* Response.swift */; };
		5CD80749225F852900926CF0 /* StringExtension.swift in Sources */ = {isa = PBXBuildFile; fileRef = 5CD80748225F852900926CF0 /* StringExtension.swift */; };
		5CD8074B225F9C9D00926CF0 /* DateExtension.swift in Sources */ = {isa = PBXBuildFile; fileRef = 5CD8074A225F9C9D00926CF0 /* DateExtension.swift */; };
		5CD8074E226086EC00926CF0 /* ServiceProvider.swift in Sources */ = {isa = PBXBuildFile; fileRef = 5CD8074D226086EC00926CF0 /* ServiceProvider.swift */; };
		5CD807502260B72A00926CF0 /* DoubleExtension.swift in Sources */ = {isa = PBXBuildFile; fileRef = 5CD8074F2260B72A00926CF0 /* DoubleExtension.swift */; };
/* End PBXBuildFile section */

/* Begin PBXFileReference section */
		5CD80727225F68BF00926CF0 /* Loader.app */ = {isa = PBXFileReference; explicitFileType = wrapper.application; includeInIndex = 0; path = Loader.app; sourceTree = BUILT_PRODUCTS_DIR; };
		5CD8072A225F68BF00926CF0 /* AppDelegate.swift */ = {isa = PBXFileReference; lastKnownFileType = sourcecode.swift; path = AppDelegate.swift; sourceTree = "<group>"; };
		5CD8072C225F68BF00926CF0 /* ViewController.swift */ = {isa = PBXFileReference; lastKnownFileType = sourcecode.swift; path = ViewController.swift; sourceTree = "<group>"; };
		5CD8072E225F68C100926CF0 /* Assets.xcassets */ = {isa = PBXFileReference; lastKnownFileType = folder.assetcatalog; path = Assets.xcassets; sourceTree = "<group>"; };
		5CD80731225F68C100926CF0 /* Base */ = {isa = PBXFileReference; lastKnownFileType = file.storyboard; name = Base; path = Base.lproj/Main.storyboard; sourceTree = "<group>"; };
		5CD80733225F68C100926CF0 /* Info.plist */ = {isa = PBXFileReference; lastKnownFileType = text.plist.xml; path = Info.plist; sourceTree = "<group>"; };
		5CD80734225F68C100926CF0 /* Loader.entitlements */ = {isa = PBXFileReference; lastKnownFileType = text.plist.entitlements; path = Loader.entitlements; sourceTree = "<group>"; };
		5CD8073D225F6E0900926CF0 /* Connection.swift */ = {isa = PBXFileReference; lastKnownFileType = sourcecode.swift; path = Connection.swift; sourceTree = "<group>"; };
		5CD80740225F6F8500926CF0 /* NSErrorExtension.swift */ = {isa = PBXFileReference; lastKnownFileType = sourcecode.swift; path = NSErrorExtension.swift; sourceTree = "<group>"; };
		5CD80743225F729F00926CF0 /* AppConfig.swift */ = {isa = PBXFileReference; lastKnownFileType = sourcecode.swift; path = AppConfig.swift; sourceTree = "<group>"; };
		5CD80746225F734900926CF0 /* Response.swift */ = {isa = PBXFileReference; lastKnownFileType = sourcecode.swift; path = Response.swift; sourceTree = "<group>"; };
		5CD80748225F852900926CF0 /* StringExtension.swift */ = {isa = PBXFileReference; lastKnownFileType = sourcecode.swift; path = StringExtension.swift; sourceTree = "<group>"; };
		5CD8074A225F9C9D00926CF0 /* DateExtension.swift */ = {isa = PBXFileReference; lastKnownFileType = sourcecode.swift; path = DateExtension.swift; sourceTree = "<group>"; };
		5CD8074D226086EC00926CF0 /* ServiceProvider.swift */ = {isa = PBXFileReference; lastKnownFileType = sourcecode.swift; path = ServiceProvider.swift; sourceTree = "<group>"; };
		5CD8074F2260B72A00926CF0 /* DoubleExtension.swift */ = {isa = PBXFileReference; lastKnownFileType = sourcecode.swift; path = DoubleExtension.swift; sourceTree = "<group>"; };
/* End PBXFileReference section */

/* Begin PBXFrameworksBuildPhase section */
		5CD80724225F68BF00926CF0 /* Frameworks */ = {
			isa = PBXFrameworksBuildPhase;
			buildActionMask = 2147483647;
			files = (
			);
			runOnlyForDeploymentPostprocessing = 0;
		};
/* End PBXFrameworksBuildPhase section */

/* Begin PBXGroup section */
		5CD8071E225F68BE00926CF0 = {
			isa = PBXGroup;
			children = (
				5CD80729225F68BF00926CF0 /* Loader */,
				5CD80728225F68BF00926CF0 /* Products */,
			);
			sourceTree = "<group>";
		};
		5CD80728225F68BF00926CF0 /* Products */ = {
			isa = PBXGroup;
			children = (
				5CD80727225F68BF00926CF0 /* Loader.app */,
			);
			name = Products;
			sourceTree = "<group>";
		};
		5CD80729225F68BF00926CF0 /* Loader */ = {
			isa = PBXGroup;
			children = (
				5CD8072A225F68BF00926CF0 /* AppDelegate.swift */,
				5CD807512260B83D00926CF0 /* Modules */,
				5CD8073A225F6DA700926CF0 /* Shared */,
				5CD807532260B87300926CF0 /* Supporting Files */,
			);
			path = Loader;
			sourceTree = "<group>";
		};
		5CD8073A225F6DA700926CF0 /* Shared */ = {
			isa = PBXGroup;
			children = (
				5CD80745225F733600926CF0 /* Models */,
				5CD80742225F727B00926CF0 /* Configuration */,
				5CD8073F225F6F6200926CF0 /* Extensions */,
				5CD8073B225F6DB800926CF0 /* Services */,
			);
			path = Shared;
			sourceTree = "<group>";
		};
		5CD8073B225F6DB800926CF0 /* Services */ = {
			isa = PBXGroup;
			children = (
				5CD8074C226086DB00926CF0 /* ServiceProvider */,
				5CD8073C225F6DC800926CF0 /* API */,
			);
			path = Services;
			sourceTree = "<group>";
		};
		5CD8073C225F6DC800926CF0 /* API */ = {
			isa = PBXGroup;
			children = (
				5CD8073D225F6E0900926CF0 /* Connection.swift */,
			);
			path = API;
			sourceTree = "<group>";
		};
		5CD8073F225F6F6200926CF0 /* Extensions */ = {
			isa = PBXGroup;
			children = (
				5CD80740225F6F8500926CF0 /* NSErrorExtension.swift */,
				5CD80748225F852900926CF0 /* StringExtension.swift */,
				5CD8074A225F9C9D00926CF0 /* DateExtension.swift */,
				5CD8074F2260B72A00926CF0 /* DoubleExtension.swift */,
			);
			path = Extensions;
			sourceTree = "<group>";
		};
		5CD80742225F727B00926CF0 /* Configuration */ = {
			isa = PBXGroup;
			children = (
				5CD80743225F729F00926CF0 /* AppConfig.swift */,
			);
			path = Configuration;
			sourceTree = "<group>";
		};
		5CD80745225F733600926CF0 /* Models */ = {
			isa = PBXGroup;
			children = (
				5CD80746225F734900926CF0 /* Response.swift */,
			);
			path = Models;
			sourceTree = "<group>";
		};
		5CD8074C226086DB00926CF0 /* ServiceProvider */ = {
			isa = PBXGroup;
			children = (
				5CD8074D226086EC00926CF0 /* ServiceProvider.swift */,
			);
			path = ServiceProvider;
			sourceTree = "<group>";
		};
		5CD807512260B83D00926CF0 /* Modules */ = {
			isa = PBXGroup;
			children = (
				5CD807522260B85100926CF0 /* Home */,
			);
			path = Modules;
			sourceTree = "<group>";
		};
		5CD807522260B85100926CF0 /* Home */ = {
			isa = PBXGroup;
			children = (
				5CD8072C225F68BF00926CF0 /* ViewController.swift */,
			);
			path = Home;
			sourceTree = "<group>";
		};
		5CD807532260B87300926CF0 /* Supporting Files */ = {
			isa = PBXGroup;
			children = (
				5CD8072E225F68C100926CF0 /* Assets.xcassets */,
				5CD80730225F68C100926CF0 /* Main.storyboard */,
				5CD80733225F68C100926CF0 /* Info.plist */,
				5CD80734225F68C100926CF0 /* Loader.entitlements */,
			);
			name = "Supporting Files";
			sourceTree = "<group>";
		};
/* End PBXGroup section */

/* Begin PBXNativeTarget section */
		5CD80726225F68BF00926CF0 /* Loader */ = {
			isa = PBXNativeTarget;
			buildConfigurationList = 5CD80737225F68C100926CF0 /* Build configuration list for PBXNativeTarget "Loader" */;
			buildPhases = (
				5CD80723225F68BF00926CF0 /* Sources */,
				5CD80724225F68BF00926CF0 /* Frameworks */,
				5CD80725225F68BF00926CF0 /* Resources */,
			);
			buildRules = (
			);
			dependencies = (
			);
			name = Loader;
			productName = Loader;
			productReference = 5CD80727225F68BF00926CF0 /* Loader.app */;
			productType = "com.apple.product-type.application";
		};
/* End PBXNativeTarget section */

/* Begin PBXProject section */
		5CD8071F225F68BE00926CF0 /* Project object */ = {
			isa = PBXProject;
			attributes = {
				LastSwiftUpdateCheck = 1020;
				LastUpgradeCheck = 1020;
				ORGANIZATIONNAME = MWDN;
				TargetAttributes = {
					5CD80726225F68BF00926CF0 = {
						CreatedOnToolsVersion = 10.2;
						SystemCapabilities = {
							com.apple.Sandbox = {
								enabled = 0;
							};
						};
					};
				};
			};
			buildConfigurationList = 5CD80722225F68BE00926CF0 /* Build configuration list for PBXProject "Loader" */;
			compatibilityVersion = "Xcode 9.3";
			developmentRegion = en;
			hasScannedForEncodings = 0;
			knownRegions = (
				en,
				Base,
			);
			mainGroup = 5CD8071E225F68BE00926CF0;
			productRefGroup = 5CD80728225F68BF00926CF0 /* Products */;
			projectDirPath = "";
			projectRoot = "";
			targets = (
				5CD80726225F68BF00926CF0 /* Loader */,
			);
		};
/* End PBXProject section */

/* Begin PBXResourcesBuildPhase section */
		5CD80725225F68BF00926CF0 /* Resources */ = {
			isa = PBXResourcesBuildPhase;
			buildActionMask = 2147483647;
			files = (
				5CD8072F225F68C100926CF0 /* Assets.xcassets in Resources */,
				5CD80732225F68C100926CF0 /* Main.storyboard in Resources */,
			);
			runOnlyForDeploymentPostprocessing = 0;
		};
/* End PBXResourcesBuildPhase section */

/* Begin PBXSourcesBuildPhase section */
		5CD80723225F68BF00926CF0 /* Sources */ = {
			isa = PBXSourcesBuildPhase;
			buildActionMask = 2147483647;
			files = (
				5CD807502260B72A00926CF0 /* DoubleExtension.swift in Sources */,
				5CD8072D225F68BF00926CF0 /* ViewController.swift in Sources */,
				5CD8074B225F9C9D00926CF0 /* DateExtension.swift in Sources */,
				5CD80749225F852900926CF0 /* StringExtension.swift in Sources */,
				5CD8074E226086EC00926CF0 /* ServiceProvider.swift in Sources */,
				5CD80744225F729F00926CF0 /* AppConfig.swift in Sources */,
				5CD80741225F6F8500926CF0 /* NSErrorExtension.swift in Sources */,
				5CD8073E225F6E0900926CF0 /* Connection.swift in Sources */,
				5CD80747225F734900926CF0 /* Response.swift in Sources */,
				5CD8072B225F68BF00926CF0 /* AppDelegate.swift in Sources */,
			);
			runOnlyForDeploymentPostprocessing = 0;
		};
/* End PBXSourcesBuildPhase section */

/* Begin PBXVariantGroup section */
		5CD80730225F68C100926CF0 /* Main.storyboard */ = {
			isa = PBXVariantGroup;
			children = (
				5CD80731225F68C100926CF0 /* Base */,
			);
			name = Main.storyboard;
			sourceTree = "<group>";
		};
/* End PBXVariantGroup section */

/* Begin XCBuildConfiguration section */
		5CD80735225F68C100926CF0 /* Debug */ = {
			isa = XCBuildConfiguration;
			buildSettings = {
				ALWAYS_SEARCH_USER_PATHS = NO;
				CLANG_ANALYZER_NONNULL = YES;
				CLANG_ANALYZER_NUMBER_OBJECT_CONVERSION = YES_AGGRESSIVE;
				CLANG_CXX_LANGUAGE_STANDARD = "gnu++14";
				CLANG_CXX_LIBRARY = "libc++";
				CLANG_ENABLE_MODULES = YES;
				CLANG_ENABLE_OBJC_ARC = YES;
				CLANG_ENABLE_OBJC_WEAK = YES;
				CLANG_WARN_BLOCK_CAPTURE_AUTORELEASING = YES;
				CLANG_WARN_BOOL_CONVERSION = YES;
				CLANG_WARN_COMMA = YES;
				CLANG_WARN_CONSTANT_CONVERSION = YES;
				CLANG_WARN_DEPRECATED_OBJC_IMPLEMENTATIONS = YES;
				CLANG_WARN_DIRECT_OBJC_ISA_USAGE = YES_ERROR;
				CLANG_WARN_DOCUMENTATION_COMMENTS = YES;
				CLANG_WARN_EMPTY_BODY = YES;
				CLANG_WARN_ENUM_CONVERSION = YES;
				CLANG_WARN_INFINITE_RECURSION = YES;
				CLANG_WARN_INT_CONVERSION = YES;
				CLANG_WARN_NON_LITERAL_NULL_CONVERSION = YES;
				CLANG_WARN_OBJC_IMPLICIT_RETAIN_SELF = YES;
				CLANG_WARN_OBJC_LITERAL_CONVERSION = YES;
				CLANG_WARN_OBJC_ROOT_CLASS = YES_ERROR;
				CLANG_WARN_RANGE_LOOP_ANALYSIS = YES;
				CLANG_WARN_STRICT_PROTOTYPES = YES;
				CLANG_WARN_SUSPICIOUS_MOVE = YES;
				CLANG_WARN_UNGUARDED_AVAILABILITY = YES_AGGRESSIVE;
				CLANG_WARN_UNREACHABLE_CODE = YES;
				CLANG_WARN__DUPLICATE_METHOD_MATCH = YES;
				CODE_SIGN_IDENTITY = "-";
				COPY_PHASE_STRIP = NO;
				DEBUG_INFORMATION_FORMAT = dwarf;
				ENABLE_STRICT_OBJC_MSGSEND = YES;
				ENABLE_TESTABILITY = YES;
				GCC_C_LANGUAGE_STANDARD = gnu11;
				GCC_DYNAMIC_NO_PIC = NO;
				GCC_NO_COMMON_BLOCKS = YES;
				GCC_OPTIMIZATION_LEVEL = 0;
				GCC_PREPROCESSOR_DEFINITIONS = (
					"DEBUG=1",
					"$(inherited)",
				);
				GCC_WARN_64_TO_32_BIT_CONVERSION = YES;
				GCC_WARN_ABOUT_RETURN_TYPE = YES_ERROR;
				GCC_WARN_UNDECLARED_SELECTOR = YES;
				GCC_WARN_UNINITIALIZED_AUTOS = YES_AGGRESSIVE;
				GCC_WARN_UNUSED_FUNCTION = YES;
				GCC_WARN_UNUSED_VARIABLE = YES;
				MACOSX_DEPLOYMENT_TARGET = 10.14;
				MTL_ENABLE_DEBUG_INFO = INCLUDE_SOURCE;
				MTL_FAST_MATH = YES;
				ONLY_ACTIVE_ARCH = YES;
				SDKROOT = macosx;
				SWIFT_ACTIVE_COMPILATION_CONDITIONS = DEBUG;
				SWIFT_OPTIMIZATION_LEVEL = "-Onone";
			};
			name = Debug;
		};
		5CD80736225F68C100926CF0 /* Release */ = {
			isa = XCBuildConfiguration;
			buildSettings = {
				ALWAYS_SEARCH_USER_PATHS = NO;
				CLANG_ANALYZER_NONNULL = YES;
				CLANG_ANALYZER_NUMBER_OBJECT_CONVERSION = YES_AGGRESSIVE;
				CLANG_CXX_LANGUAGE_STANDARD = "gnu++14";
				CLANG_CXX_LIBRARY = "libc++";
				CLANG_ENABLE_MODULES = YES;
				CLANG_ENABLE_OBJC_ARC = YES;
				CLANG_ENABLE_OBJC_WEAK = YES;
				CLANG_WARN_BLOCK_CAPTURE_AUTORELEASING = YES;
				CLANG_WARN_BOOL_CONVERSION = YES;
				CLANG_WARN_COMMA = YES;
				CLANG_WARN_CONSTANT_CONVERSION = YES;
				CLANG_WARN_DEPRECATED_OBJC_IMPLEMENTATIONS = YES;
				CLANG_WARN_DIRECT_OBJC_ISA_USAGE = YES_ERROR;
				CLANG_WARN_DOCUMENTATION_COMMENTS = YES;
				CLANG_WARN_EMPTY_BODY = YES;
				CLANG_WARN_ENUM_CONVERSION = YES;
				CLANG_WARN_INFINITE_RECURSION = YES;
				CLANG_WARN_INT_CONVERSION = YES;
				CLANG_WARN_NON_LITERAL_NULL_CONVERSION = YES;
				CLANG_WARN_OBJC_IMPLICIT_RETAIN_SELF = YES;
				CLANG_WARN_OBJC_LITERAL_CONVERSION = YES;
				CLANG_WARN_OBJC_ROOT_CLASS = YES_ERROR;
				CLANG_WARN_RANGE_LOOP_ANALYSIS = YES;
				CLANG_WARN_STRICT_PROTOTYPES = YES;
				CLANG_WARN_SUSPICIOUS_MOVE = YES;
				CLANG_WARN_UNGUARDED_AVAILABILITY = YES_AGGRESSIVE;
				CLANG_WARN_UNREACHABLE_CODE = YES;
				CLANG_WARN__DUPLICATE_METHOD_MATCH = YES;
				CODE_SIGN_IDENTITY = "-";
				COPY_PHASE_STRIP = NO;
				DEBUG_INFORMATION_FORMAT = "dwarf-with-dsym";
				ENABLE_NS_ASSERTIONS = NO;
				ENABLE_STRICT_OBJC_MSGSEND = YES;
				GCC_C_LANGUAGE_STANDARD = gnu11;
				GCC_NO_COMMON_BLOCKS = YES;
				GCC_WARN_64_TO_32_BIT_CONVERSION = YES;
				GCC_WARN_ABOUT_RETURN_TYPE = YES_ERROR;
				GCC_WARN_UNDECLARED_SELECTOR = YES;
				GCC_WARN_UNINITIALIZED_AUTOS = YES_AGGRESSIVE;
				GCC_WARN_UNUSED_FUNCTION = YES;
				GCC_WARN_UNUSED_VARIABLE = YES;
				MACOSX_DEPLOYMENT_TARGET = 10.14;
				MTL_ENABLE_DEBUG_INFO = NO;
				MTL_FAST_MATH = YES;
				SDKROOT = macosx;
				SWIFT_COMPILATION_MODE = wholemodule;
				SWIFT_OPTIMIZATION_LEVEL = "-O";
			};
			name = Release;
		};
		5CD80738225F68C100926CF0 /* Debug */ = {
			isa = XCBuildConfiguration;
			buildSettings = {
				ASSETCATALOG_COMPILER_APPICON_NAME = AppIcon;
				CODE_SIGN_STYLE = Automatic;
				COMBINE_HIDPI_IMAGES = YES;
				DEVELOPMENT_TEAM = A9YX4986KW;
				INFOPLIST_FILE = Loader/Info.plist;
				LD_RUNPATH_SEARCH_PATHS = (
					"$(inherited)",
					"@executable_path/../Frameworks",
				);
				PRODUCT_BUNDLE_IDENTIFIER = com.mwdn.Loader;
				PRODUCT_NAME = "$(TARGET_NAME)";
				SWIFT_VERSION = 5.0;
			};
			name = Debug;
		};
		5CD80739225F68C100926CF0 /* Release */ = {
			isa = XCBuildConfiguration;
			buildSettings = {
				ASSETCATALOG_COMPILER_APPICON_NAME = AppIcon;
				CODE_SIGN_STYLE = Automatic;
				COMBINE_HIDPI_IMAGES = YES;
				DEVELOPMENT_TEAM = A9YX4986KW;
				INFOPLIST_FILE = Loader/Info.plist;
				LD_RUNPATH_SEARCH_PATHS = (
					"$(inherited)",
					"@executable_path/../Frameworks",
				);
				PRODUCT_BUNDLE_IDENTIFIER = com.mwdn.Loader;
				PRODUCT_NAME = "$(TARGET_NAME)";
				SWIFT_VERSION = 5.0;
			};
			name = Release;
		};
/* End XCBuildConfiguration section */

/* Begin XCConfigurationList section */
		5CD80722225F68BE00926CF0 /* Build configuration list for PBXProject "Loader" */ = {
			isa = XCConfigurationList;
			buildConfigurations = (
				5CD80735225F68C100926CF0 /* Debug */,
				5CD80736225F68C100926CF0 /* Release */,
			);
			defaultConfigurationIsVisible = 0;
			defaultConfigurationName = Release;
		};
		5CD80737225F68C100926CF0 /* Build configuration list for PBXNativeTarget "Loader" */ = {
			isa = XCConfigurationList;
			buildConfigurations = (
				5CD80738225F68C100926CF0 /* Debug */,
				5CD80739225F68C100926CF0 /* Release */,
			);
			defaultConfigurationIsVisible = 0;
			defaultConfigurationName = Release;
		};
/* End XCConfigurationList section */
	};
	rootObject = 5CD8071F225F68BE00926CF0 /* Project object */;
}
